{
  "object": {
    "pins": [
      {
        "package": "Alamofire",
        "repositoryURL": "https://github.com/Alamofire/Alamofire.git",
        "state": {
          "branch": null,
          "revision": "f96b619bcb2383b43d898402283924b80e2c4bae",
          "version": "5.4.3"
        }
      },
      {
        "package": "AlamofireImage",
        "repositoryURL": "https://github.com/Alamofire/AlamofireImage",
        "state": {
          "branch": null,
          "revision": "98cbb00ce0ec5fc8e52a5b50a6bfc08d3e5aee10",
          "version": "4.2.0"
        }
      },
      {
        "package": "Facebook",
        "repositoryURL": "https://github.com/facebook/facebook-ios-sdk",
        "state": {
          "branch": null,
          "revision": "b876a077ae4b0568ae7e5b7a869aa13c161cc661",
          "version": "11.1.0"
        }
      },
      {
        "package": "Swifter",
        "repositoryURL": "https://github.com/mattdonnelly/Swifter",
        "state": {
          "branch": null,
          "revision": "50682ebe64e4c08f18957ccfd16888f035c20755",
          "version": "2.5.0"
        }
      }
    ]
  },
  "version": 1
}
